dependencies:
- name: postgresql
  repository: https://charts.bitnami.com/bitnami
  version: 11.1.28
- name: common
  repository: https://charts.bitnami.com/bitnami
  version: 1.13.1
- name: cassandra
  repository: https://charts.bitnami.com/bitnami
  version: 9.1.18
digest: sha256:6d6f8729ea3577a5b7da981566e4f91533e530aac3fcd50f82ee71862fc3e8f5
generated: "2022-05-12T10:40:37.538873617+09:00"
